# This file is automatically @generated by Cargo.
# It is not intended for manual editing.
version = 3

[[package]]
name = "custos"
version = "0.1.5"
source = "registry+https://github.com/rust-lang/crates.io-index"
checksum = "2f344e88d24618fb0b9c52b7d35a6201600f08784c62c58010d8e99e1e1badeb"
dependencies = [
 "lazy_static",
]

[[package]]
name = "custos"
version = "0.5.0"
dependencies = [
 "custos 0.1.5",
 "lazy_static",
]

[[package]]
name = "lazy_static"
version = "1.4.0"
source = "registry+https://github.com/rust-lang/crates.io-index"
checksum = "e2abad23fbc42b3700f2f279844dc832adb2b2eb069b2df918f455c4e18cc646"
